Microsoft Visual Studio Solution File, Format Version 12.00
# Visual Studio Version 17
VisualStudioVersion = 17.5.2.0
MinimumVisualStudioVersion = 10.0.40219.1
Project("{FAE04EC0-301F-11D3-BF4B-00C04F79EFBC}") = "Day2Session", "Day2Session\Day2Session.csproj", "{E5DA4A0F-F546-E109-5C63-4C84A675E8FA}"
EndProject
Project("{FAE04EC0-301F-11D3-BF4B-00C04F79EFBC}") = "Day4Session", "Day4Session\Day4Session.csproj", "{93BAEEB2-0480-59A3-C853-F5E2A9AAC1EC}"
EndProject
Project("{2150E333-8FDC-42A3-9474-1A3956D46DE8}") = "Day3Session", "Day3Session", "{0EAB3F8B-1BF6-BD5D-E356-011914CDD38D}"
EndProject
Project("{FAE04EC0-301F-11D3-BF4B-00C04F79EFBC}") = "Day3Session", "Day3Session\Day3Session\Day3Session.csproj", "{D571038E-5F38-5F8B-2A14-4E563C81D239}"
EndProject
Global
	GlobalSection(SolutionConfigurationPlatforms) = preSolution
		Debug|Any CPU = Debug|Any CPU
		Release|Any CPU = Release|Any CPU
	EndGlobalSection
	GlobalSection(ProjectConfigurationPlatforms) = postSolution
		{E5DA4A0F-F546-E109-5C63-4C84A675E8FA}.Debug|Any CPU.ActiveCfg = Debug|Any CPU
		{E5DA4A0F-F546-E109-5C63-4C84A675E8FA}.Debug|Any CPU.Build.0 = Debug|Any CPU
		{E5DA4A0F-F546-E109-5C63-4C84A675E8FA}.Release|Any CPU.ActiveCfg = Release|Any CPU
		{E5DA4A0F-F546-E109-5C63-4C84A675E8FA}.Release|Any CPU.Build.0 = Release|Any CPU
		{93BAEEB2-0480-59A3-C853-F5E2A9AAC1EC}.Debug|Any CPU.ActiveCfg = Debug|Any CPU
		{93BAEEB2-0480-59A3-C853-F5E2A9AAC1EC}.Debug|Any CPU.Build.0 = Debug|Any CPU
		{93BAEEB2-0480-59A3-C853-F5E2A9AAC1EC}.Release|Any CPU.ActiveCfg = Release|Any CPU
		{93BAEEB2-0480-59A3-C853-F5E2A9AAC1EC}.Release|Any CPU.Build.0 = Release|Any CPU
		{D571038E-5F38-5F8B-2A14-4E563C81D239}.Debug|Any CPU.ActiveCfg = Debug|Any CPU
		{D571038E-5F38-5F8B-2A14-4E563C81D239}.Debug|Any CPU.Build.0 = Debug|Any CPU
		{D571038E-5F38-5F8B-2A14-4E563C81D239}.Release|Any CPU.ActiveCfg = Release|Any CPU
		{D571038E-5F38-5F8B-2A14-4E563C81D239}.Release|Any CPU.Build.0 = Release|Any CPU
	EndGlobalSection
	GlobalSection(SolutionProperties) = preSolution
		HideSolutionNode = FALSE
	EndGlobalSection
	GlobalSection(NestedProjects) = preSolution
		{D571038E-5F38-5F8B-2A14-4E563C81D239} = {0EAB3F8B-1BF6-BD5D-E356-011914CDD38D}
	EndGlobalSection
	GlobalSection(ExtensibilityGlobals) = postSolution
		SolutionGuid = {E9505233-9020-44AE-AB3E-25910E229875}
	EndGlobalSection
EndGlobal
